
Microsoft Visual Studio Solution File, Format Version 12.00
Project("{FAE04EC0-301F-11D3-BF4B-00C04F79EFBC}") = "GameSettingsUnlocker-BepInEx", "GameSettingsUnlocker-BepInEx.csproj", "{40B82DF7-67BA-4B14-A15B-0F6E0493AE0F}"
EndProject
Global
	GlobalSection(SolutionConfigurationPlatforms) = preSolution
		Debug|Any CPU = Debug|Any CPU
		Release|Any CPU = Release|Any CPU
	EndGlobalSection
	GlobalSection(ProjectConfigurationPlatforms) = postSolution
		{40B82DF7-67BA-4B14-A15B-0F6E0493AE0F}.Debug|Any CPU.ActiveCfg = Debug|Any CPU
		{40B82DF7-67BA-4B14-A15B-0F6E0493AE0F}.Debug|Any CPU.Build.0 = Debug|Any CPU
		{40B82DF7-67BA-4B14-A15B-0F6E0493AE0F}.Release|Any CPU.ActiveCfg = Release|Any CPU
		{40B82DF7-67BA-4B14-A15B-0F6E0493AE0F}.Release|Any CPU.Build.0 = Release|Any CPU
	EndGlobalSection
EndGlobal
